
Microsoft Visual Studio Solution File, Format Version 12.00
# Visual Studio Version 17
VisualStudioVersion = 17.4.33213.308
MinimumVisualStudioVersion = 10.0.40219.1
Project("{2150E333-8FDC-42A3-9474-1A3956D46DE8}") = "FrontEnd", "FrontEnd", "{24277773-B987-4BE2-9762-A72500613B69}"
EndProject
Project("{FAE04EC0-301F-11D3-BF4B-00C04F79EFBC}") = "Restaurant.Web", "Restaurant.Web\Restaurant.Web.csproj", "{DAB34B5E-19F9-4ED6-8611-6F67D146E9CF}"
EndProject
Project("{2150E333-8FDC-42A3-9474-1A3956D46DE8}") = "Services", "Services", "{DC80FC8A-3200-4FC4-86D8-A09173416294}"
EndProject
Project("{FAE04EC0-301F-11D3-BF4B-00C04F79EFBC}") = "Restaurant.Services.ProductAPI", "Restaurant.Services.ProductAPI\Restaurant.Services.ProductAPI.csproj", "{48D59EE9-87FD-4975-980E-22F0736FC6A9}"
EndProject
Global
	GlobalSection(SolutionConfigurationPlatforms) = preSolution
		Debug|Any CPU = Debug|Any CPU
		Release|Any CPU = Release|Any CPU
	EndGlobalSection
	GlobalSection(ProjectConfigurationPlatforms) = postSolution
		{DAB34B5E-19F9-4ED6-8611-6F67D146E9CF}.Debug|Any CPU.ActiveCfg = Debug|Any CPU
		{DAB34B5E-19F9-4ED6-8611-6F67D146E9CF}.Debug|Any CPU.Build.0 = Debug|Any CPU
		{DAB34B5E-19F9-4ED6-8611-6F67D146E9CF}.Release|Any CPU.ActiveCfg = Release|Any CPU
		{DAB34B5E-19F9-4ED6-8611-6F67D146E9CF}.Release|Any CPU.Build.0 = Release|Any CPU
		{48D59EE9-87FD-4975-980E-22F0736FC6A9}.Debug|Any CPU.ActiveCfg = Debug|Any CPU
		{48D59EE9-87FD-4975-980E-22F0736FC6A9}.Debug|Any CPU.Build.0 = Debug|Any CPU
		{48D59EE9-87FD-4975-980E-22F0736FC6A9}.Release|Any CPU.ActiveCfg = Release|Any CPU
		{48D59EE9-87FD-4975-980E-22F0736FC6A9}.Release|Any CPU.Build.0 = Release|Any CPU
	EndGlobalSection
	GlobalSection(SolutionProperties) = preSolution
		HideSolutionNode = FALSE
	EndGlobalSection
	GlobalSection(NestedProjects) = preSolution
		{DAB34B5E-19F9-4ED6-8611-6F67D146E9CF} = {24277773-B987-4BE2-9762-A72500613B69}
		{48D59EE9-87FD-4975-980E-22F0736FC6A9} = {DC80FC8A-3200-4FC4-86D8-A09173416294}
	EndGlobalSection
	GlobalSection(ExtensibilityGlobals) = postSolution
		SolutionGuid = {49AE483E-85B1-43FD-B870-1C35C72D5FC9}
	EndGlobalSection
EndGlobal
